
Microsoft Visual Studio Solution File, Format Version 12.00
# Visual Studio Version 17
VisualStudioVersion = 17.9.34723.18
MinimumVisualStudioVersion = 10.0.40219.1
Project("{FAE04EC0-301F-11D3-BF4B-00C04F79EFBC}") = "MidtermWcfService", "MidtermWcfService\MidtermWcfService.csproj", "{C91BF17A-74EB-4A8D-BFCF-81426DF47DEB}"
EndProject
Project("{FAE04EC0-301F-11D3-BF4B-00C04F79EFBC}") = "MidDAL", "MidDAL\MidDAL.csproj", "{9BA207DA-DFD9-40FD-8FED-557639C98AD1}"
EndProject
Project("{FAE04EC0-301F-11D3-BF4B-00C04F79EFBC}") = "MidForm", "MidForm\MidForm.csproj", "{8E446D75-A31F-4CF6-805D-A01C21029680}"
	ProjectSection(ProjectDependencies) = postProject
		{C91BF17A-74EB-4A8D-BFCF-81426DF47DEB} = {C91BF17A-74EB-4A8D-BFCF-81426DF47DEB}
	EndProjectSection
EndProject
Global
	GlobalSection(SolutionConfigurationPlatforms) = preSolution
		Debug|Any CPU = Debug|Any CPU
		Release|Any CPU = Release|Any CPU
	EndGlobalSection
	GlobalSection(ProjectConfigurationPlatforms) = postSolution
		{C91BF17A-74EB-4A8D-BFCF-81426DF47DEB}.Debug|Any CPU.ActiveCfg = Debug|Any CPU
		{C91BF17A-74EB-4A8D-BFCF-81426DF47DEB}.Debug|Any CPU.Build.0 = Debug|Any CPU
		{C91BF17A-74EB-4A8D-BFCF-81426DF47DEB}.Release|Any CPU.ActiveCfg = Release|Any CPU
		{C91BF17A-74EB-4A8D-BFCF-81426DF47DEB}.Release|Any CPU.Build.0 = Release|Any CPU
		{9BA207DA-DFD9-40FD-8FED-557639C98AD1}.Debug|Any CPU.ActiveCfg = Debug|Any CPU
		{9BA207DA-DFD9-40FD-8FED-557639C98AD1}.Debug|Any CPU.Build.0 = Debug|Any CPU
		{9BA207DA-DFD9-40FD-8FED-557639C98AD1}.Release|Any CPU.ActiveCfg = Release|Any CPU
		{9BA207DA-DFD9-40FD-8FED-557639C98AD1}.Release|Any CPU.Build.0 = Release|Any CPU
		{8E446D75-A31F-4CF6-805D-A01C21029680}.Debug|Any CPU.ActiveCfg = Debug|Any CPU
		{8E446D75-A31F-4CF6-805D-A01C21029680}.Debug|Any CPU.Build.0 = Debug|Any CPU
		{8E446D75-A31F-4CF6-805D-A01C21029680}.Release|Any CPU.ActiveCfg = Release|Any CPU
		{8E446D75-A31F-4CF6-805D-A01C21029680}.Release|Any CPU.Build.0 = Release|Any CPU
	EndGlobalSection
	GlobalSection(SolutionProperties) = preSolution
		HideSolutionNode = FALSE
	EndGlobalSection
	GlobalSection(ExtensibilityGlobals) = postSolution
		SolutionGuid = {810ED0FC-00CA-4933-8B19-37F8D4D306DA}
	EndGlobalSection
EndGlobal
